// !$*UTF8*$!
{
	archiveVersion = 1;
	classes = {
	};
	objectVersion = 55;
	objects = {

/* Begin PBXBuildFile section */
		DA488B5127D53D4400DF0BF3 /* ViewsAndModifiersApp.swift in Sources */ = {isa = PBXBuildFile; fileRef = DA488B4127D53D4200DF0BF3 /* ViewsAndModifiersApp.swift */; };
		DA488B5227D53D4400DF0BF3 /* ViewsAndModifiersApp.swift in Sources */ = {isa = PBXBuildFile; fileRef = DA488B4127D53D4200DF0BF3 /* ViewsAndModifiersApp.swift */; };
		DA488B5327D53D4400DF0BF3 /* ContentView.swift in Sources */ = {isa = PBXBuildFile; fileRef = DA488B4227D53D4200DF0BF3 /* ContentView.swift */; };
		DA488B5427D53D4400DF0BF3 /* ContentView.swift in Sources */ = {isa = PBXBuildFile; fileRef = DA488B4227D53D4200DF0BF3 /* ContentView.swift */; };
		DA488B5527D53D4400DF0BF3 /* Assets.xcassets in Resources */ = {isa = PBXBuildFile; fileRef = DA488B4327D53D4300DF0BF3 /* Assets.xcassets */; };
		DA488B5627D53D4400DF0BF3 /* Assets.xcassets in Resources */ = {isa = PBXBuildFile; fileRef = DA488B4327D53D4300DF0BF3 /* Assets.xcassets */; };
		DAB6E9CB27DD62E6009F8B07 /* PaddingView.swift in Sources */ = {isa = PBXBuildFile; fileRef = DAB6E9CA27DD62E6009F8B07 /* PaddingView.swift */; };
		DAB6E9CC27DD62E6009F8B07 /* PaddingView.swift in Sources */ = {isa = PBXBuildFile; fileRef = DAB6E9CA27DD62E6009F8B07 /* PaddingView.swift */; };
/* End PBXBuildFile section */

/* Begin PBXFileReference section */
		DA488B4127D53D4200DF0BF3 /* ViewsAndModifiersApp.swift */ = {isa = PBXFileReference; lastKnownFileType = sourcecode.swift; path = ViewsAndModifiersApp.swift; sourceTree = "<group>"; };
		DA488B4227D53D4200DF0BF3 /* ContentView.swift */ = {isa = PBXFileReference; lastKnownFileType = sourcecode.swift; path = ContentView.swift; sourceTree = "<group>"; };
		DA488B4327D53D4300DF0BF3 /* Assets.xcassets */ = {isa = PBXFileReference; lastKnownFileType = folder.assetcatalog; path = Assets.xcassets; sourceTree = "<group>"; };
		DA488B4827D53D4400DF0BF3 /* ViewsAndModifiers.app */ = {isa = PBXFileReference; explicitFileType = wrapper.application; includeInIndex = 0; path = ViewsAndModifiers.app; sourceTree = BUILT_PRODUCTS_DIR; };
		DA488B4E27D53D4400DF0BF3 /* ViewsAndModifiers.app */ = {isa = PBXFileReference; explicitFileType = wrapper.application; includeInIndex = 0; path = ViewsAndModifiers.app; sourceTree = BUILT_PRODUCTS_DIR; };
		DA488B5027D53D4400DF0BF3 /* macOS.entitlements */ = {isa = PBXFileReference; lastKnownFileType = text.plist.entitlements; path = macOS.entitlements; sourceTree = "<group>"; };
		DAB6E9CA27DD62E6009F8B07 /* PaddingView.swift */ = {isa = PBXFileReference; lastKnownFileType = sourcecode.swift; path = PaddingView.swift; sourceTree = "<group>"; };
/* End PBXFileReference section */

/* Begin PBXFrameworksBuildPhase section */
		DA488B4527D53D4400DF0BF3 /* Frameworks */ = {
			isa = PBXFrameworksBuildPhase;
			buildActionMask = 2147483647;
			files = (
			);
			runOnlyForDeploymentPostprocessing = 0;
		};
		DA488B4B27D53D4400DF0BF3 /* Frameworks */ = {
			isa = PBXFrameworksBuildPhase;
			buildActionMask = 2147483647;
			files = (
			);
			runOnlyForDeploymentPostprocessing = 0;
		};
/* End PBXFrameworksBuildPhase section */

/* Begin PBXGroup section */
		DA488B3B27D53D4200DF0BF3 = {
			isa = PBXGroup;
			children = (
				DA488B4027D53D4200DF0BF3 /* Shared */,
				DA488B4F27D53D4400DF0BF3 /* macOS */,
				DA488B4927D53D4400DF0BF3 /* Products */,
			);
			sourceTree = "<group>";
		};
		DA488B4027D53D4200DF0BF3 /* Shared */ = {
			isa = PBXGroup;
			children = (
				DA488B4127D53D4200DF0BF3 /* ViewsAndModifiersApp.swift */,
				DA488B4227D53D4200DF0BF3 /* ContentView.swift */,
				DAB6E9CA27DD62E6009F8B07 /* PaddingView.swift */,
				DA488B4327D53D4300DF0BF3 /* Assets.xcassets */,
			);
			path = Shared;
			sourceTree = "<group>";
		};
		DA488B4927D53D4400DF0BF3 /* Products */ = {
			isa = PBXGroup;
			children = (
				DA488B4827D53D4400DF0BF3 /* ViewsAndModifiers.app */,
				DA488B4E27D53D4400DF0BF3 /* ViewsAndModifiers.app */,
			);
			name = Products;
			sourceTree = "<group>";
		};
		DA488B4F27D53D4400DF0BF3 /* macOS */ = {
			isa = PBXGroup;
			children = (
				DA488B5027D53D4400DF0BF3 /* macOS.entitlements */,
			);
			path = macOS;
			sourceTree = "<group>";
		};
/* End PBXGroup section */

/* Begin PBXNativeTarget section */
		DA488B4727D53D4400DF0BF3 /* ViewsAndModifiers (iOS) */ = {
			isa = PBXNativeTarget;
			buildConfigurationList = DA488B5927D53D4400DF0BF3 /* Build configuration list for PBXNativeTarget "ViewsAndModifiers (iOS)" */;
			buildPhases = (
				DA488B4427D53D4400DF0BF3 /* Sources */,
				DA488B4527D53D4400DF0BF3 /* Frameworks */,
				DA488B4627D53D4400DF0BF3 /* Resources */,
			);
			buildRules = (
			);
			dependencies = (
			);
			name = "ViewsAndModifiers (iOS)";
			productName = "ViewsAndModifiers (iOS)";
			productReference = DA488B4827D53D4400DF0BF3 /* ViewsAndModifiers.app */;
			productType = "com.apple.product-type.application";
		};
		DA488B4D27D53D4400DF0BF3 /* ViewsAndModifiers (macOS) */ = {
			isa = PBXNativeTarget;
			buildConfigurationList = DA488B5C27D53D4400DF0BF3 /* Build configuration list for PBXNativeTarget "ViewsAndModifiers (macOS)" */;
			buildPhases = (
				DA488B4A27D53D4400DF0BF3 /* Sources */,
				DA488B4B27D53D4400DF0BF3 /* Frameworks */,
				DA488B4C27D53D4400DF0BF3 /* Resources */,
			);
			buildRules = (
			);
			dependencies = (
			);
			name = "ViewsAndModifiers (macOS)";
			productName = "ViewsAndModifiers (macOS)";
			productReference = DA488B4E27D53D4400DF0BF3 /* ViewsAndModifiers.app */;
			productType = "com.apple.product-type.application";
		};
/* End PBXNativeTarget section */

/* Begin PBXProject section */
		DA488B3C27D53D4200DF0BF3 /* Project object */ = {
			isa = PBXProject;
			attributes = {
				BuildIndependentTargetsInParallel = 1;
				LastSwiftUpdateCheck = 1330;
				LastUpgradeCheck = 1330;
				TargetAttributes = {
					DA488B4727D53D4400DF0BF3 = {
						CreatedOnToolsVersion = 13.3;
					};
					DA488B4D27D53D4400DF0BF3 = {
						CreatedOnToolsVersion = 13.3;
					};
				};
			};
			buildConfigurationList = DA488B3F27D53D4200DF0BF3 /* Build configuration list for PBXProject "ViewsAndModifiers" */;
			compatibilityVersion = "Xcode 13.0";
			developmentRegion = en;
			hasScannedForEncodings = 0;
			knownRegions = (
				en,
				Base,
			);
			mainGroup = DA488B3B27D53D4200DF0BF3;
			productRefGroup = DA488B4927D53D4400DF0BF3 /* Products */;
			projectDirPath = "";
			projectRoot = "";
			targets = (
				DA488B4727D53D4400DF0BF3 /* ViewsAndModifiers (iOS) */,
				DA488B4D27D53D4400DF0BF3 /* ViewsAndModifiers (macOS) */,
			);
		};
/* End PBXProject section */

/* Begin PBXResourcesBuildPhase section */
		DA488B4627D53D4400DF0BF3 /* Resources */ = {
			isa = PBXResourcesBuildPhase;
			buildActionMask = 2147483647;
			files = (
				DA488B5527D53D4400DF0BF3 /* Assets.xcassets in Resources */,
			);
			runOnlyForDeploymentPostprocessing = 0;
		};
		DA488B4C27D53D4400DF0BF3 /* Resources */ = {
			isa = PBXResourcesBuildPhase;
			buildActionMask = 2147483647;
			files = (
				DA488B5627D53D4400DF0BF3 /* Assets.xcassets in Resources */,
			);
			runOnlyForDeploymentPostprocessing = 0;
		};
/* End PBXResourcesBuildPhase section */

/* Begin PBXSourcesBuildPhase section */
		DA488B4427D53D4400DF0BF3 /* Sources */ = {
			isa = PBXSourcesBuildPhase;
			buildActionMask = 2147483647;
			files = (
				DA488B5327D53D4400DF0BF3 /* ContentView.swift in Sources */,
				DA488B5127D53D4400DF0BF3 /* ViewsAndModifiersApp.swift in Sources */,
				DAB6E9CB27DD62E6009F8B07 /* PaddingView.swift in Sources */,
			);
			runOnlyForDeploymentPostprocessing = 0;
		};
		DA488B4A27D53D4400DF0BF3 /* Sources */ = {
			isa = PBXSourcesBuildPhase;
			buildActionMask = 2147483647;
			files = (
				DA488B5427D53D4400DF0BF3 /* ContentView.swift in Sources */,
				DA488B5227D53D4400DF0BF3 /* ViewsAndModifiersApp.swift in Sources */,
				DAB6E9CC27DD62E6009F8B07 /* PaddingView.swift in Sources */,
			);
			runOnlyForDeploymentPostprocessing = 0;
		};
/* End PBXSourcesBuildPhase section */

/* Begin XCBuildConfiguration section */
		DA488B5727D53D4400DF0BF3 /* Debug */ = {
			isa = XCBuildConfiguration;
			buildSettings = {
				ALWAYS_SEARCH_USER_PATHS = NO;
				CLANG_ANALYZER_NONNULL = YES;
				CLANG_ANALYZER_NUMBER_OBJECT_CONVERSION = YES_AGGRESSIVE;
				CLANG_CXX_LANGUAGE_STANDARD = "gnu++17";
				CLANG_ENABLE_MODULES = YES;
				CLANG_ENABLE_OBJC_ARC = YES;
				CLANG_ENABLE_OBJC_WEAK = YES;
				CLANG_WARN_BLOCK_CAPTURE_AUTORELEASING = YES;
				CLANG_WARN_BOOL_CONVERSION = YES;
				CLANG_WARN_COMMA = YES;
				CLANG_WARN_CONSTANT_CONVERSION = YES;
				CLANG_WARN_DEPRECATED_OBJC_IMPLEMENTATIONS = YES;
				CLANG_WARN_DIRECT_OBJC_ISA_USAGE = YES_ERROR;
				CLANG_WARN_DOCUMENTATION_COMMENTS = YES;
				CLANG_WARN_EMPTY_BODY = YES;
				CLANG_WARN_ENUM_CONVERSION = YES;
				CLANG_WARN_INFINITE_RECURSION = YES;
				CLANG_WARN_INT_CONVERSION = YES;
				CLANG_WARN_NON_LITERAL_NULL_CONVERSION = YES;
				CLANG_WARN_OBJC_IMPLICIT_RETAIN_SELF = YES;
				CLANG_WARN_OBJC_LITERAL_CONVERSION = YES;
				CLANG_WARN_OBJC_ROOT_CLASS = YES_ERROR;
				CLANG_WARN_QUOTED_INCLUDE_IN_FRAMEWORK_HEADER = YES;
				CLANG_WARN_RANGE_LOOP_ANALYSIS = YES;
				CLANG_WARN_STRICT_PROTOTYPES = YES;
				CLANG_WARN_SUSPICIOUS_MOVE = YES;
				CLANG_WARN_UNGUARDED_AVAILABILITY = YES_AGGRESSIVE;
				CLANG_WARN_UNREACHABLE_CODE = YES;
				CLANG_WARN__DUPLICATE_METHOD_MATCH = YES;
				COPY_PHASE_STRIP = NO;
				DEBUG_INFORMATION_FORMAT = dwarf;
				ENABLE_STRICT_OBJC_MSGSEND = YES;
				ENABLE_TESTABILITY = YES;
				GCC_C_LANGUAGE_STANDARD = gnu11;
				GCC_DYNAMIC_NO_PIC = NO;
				GCC_NO_COMMON_BLOCKS = YES;
				GCC_OPTIMIZATION_LEVEL = 0;
				GCC_PREPROCESSOR_DEFINITIONS = (
					"DEBUG=1",
					"$(inherited)",
				);
				GCC_WARN_64_TO_32_BIT_CONVERSION = YES;
				GCC_WARN_ABOUT_RETURN_TYPE = YES_ERROR;
				GCC_WARN_UNDECLARED_SELECTOR = YES;
				GCC_WARN_UNINITIALIZED_AUTOS = YES_AGGRESSIVE;
				GCC_WARN_UNUSED_FUNCTION = YES;
				GCC_WARN_UNUSED_VARIABLE = YES;
				MTL_ENABLE_DEBUG_INFO = INCLUDE_SOURCE;
				MTL_FAST_MATH = YES;
				ONLY_ACTIVE_ARCH = YES;
				SWIFT_ACTIVE_COMPILATION_CONDITIONS = DEBUG;
				SWIFT_OPTIMIZATION_LEVEL = "-Onone";
			};
			name = Debug;
		};
		DA488B5827D53D4400DF0BF3 /* Release */ = {
			isa = XCBuildConfiguration;
			buildSettings = {
				ALWAYS_SEARCH_USER_PATHS = NO;
				CLANG_ANALYZER_NONNULL = YES;
				CLANG_ANALYZER_NUMBER_OBJECT_CONVERSION = YES_AGGRESSIVE;
				CLANG_CXX_LANGUAGE_STANDARD = "gnu++17";
				CLANG_ENABLE_MODULES = YES;
				CLANG_ENABLE_OBJC_ARC = YES;
				CLANG_ENABLE_OBJC_WEAK = YES;
				CLANG_WARN_BLOCK_CAPTURE_AUTORELEASING = YES;
				CLANG_WARN_BOOL_CONVERSION = YES;
				CLANG_WARN_COMMA = YES;
				CLANG_WARN_CONSTANT_CONVERSION = YES;
				CLANG_WARN_DEPRECATED_OBJC_IMPLEMENTATIONS = YES;
				CLANG_WARN_DIRECT_OBJC_ISA_USAGE = YES_ERROR;
				CLANG_WARN_DOCUMENTATION_COMMENTS = YES;
				CLANG_WARN_EMPTY_BODY = YES;
				CLANG_WARN_ENUM_CONVERSION = YES;
				CLANG_WARN_INFINITE_RECURSION = YES;
				CLANG_WARN_INT_CONVERSION = YES;
				CLANG_WARN_NON_LITERAL_NULL_CONVERSION = YES;
				CLANG_WARN_OBJC_IMPLICIT_RETAIN_SELF = YES;
				CLANG_WARN_OBJC_LITERAL_CONVERSION = YES;
				CLANG_WARN_OBJC_ROOT_CLASS = YES_ERROR;
				CLANG_WARN_QUOTED_INCLUDE_IN_FRAMEWORK_HEADER = YES;
				CLANG_WARN_RANGE_LOOP_ANALYSIS = YES;
				CLANG_WARN_STRICT_PROTOTYPES = YES;
				CLANG_WARN_SUSPICIOUS_MOVE = YES;
				CLANG_WARN_UNGUARDED_AVAILABILITY = YES_AGGRESSIVE;
				CLANG_WARN_UNREACHABLE_CODE = YES;
				CLANG_WARN__DUPLICATE_METHOD_MATCH = YES;
				COPY_PHASE_STRIP = NO;
				DEBUG_INFORMATION_FORMAT = "dwarf-with-dsym";
				ENABLE_NS_ASSERTIONS = NO;
				ENABLE_STRICT_OBJC_MSGSEND = YES;
				GCC_C_LANGUAGE_STANDARD = gnu11;
				GCC_NO_COMMON_BLOCKS = YES;
				GCC_WARN_64_TO_32_BIT_CONVERSION = YES;
				GCC_WARN_ABOUT_RETURN_TYPE = YES_ERROR;
				GCC_WARN_UNDECLARED_SELECTOR = YES;
				GCC_WARN_UNINITIALIZED_AUTOS = YES_AGGRESSIVE;
				GCC_WARN_UNUSED_FUNCTION = YES;
				GCC_WARN_UNUSED_VARIABLE = YES;
				MTL_ENABLE_DEBUG_INFO = NO;
				MTL_FAST_MATH = YES;
				SWIFT_COMPILATION_MODE = wholemodule;
				SWIFT_OPTIMIZATION_LEVEL = "-O";
			};
			name = Release;
		};
		DA488B5A27D53D4400DF0BF3 /* Debug */ = {
			isa = XCBuildConfiguration;
			buildSettings = {
				ASSETCATALOG_COMPILER_APPICON_NAME = AppIcon;
				ASSETCATALOG_COMPILER_GLOBAL_ACCENT_COLOR_NAME = AccentColor;
				CODE_SIGN_STYLE = Automatic;
				CURRENT_PROJECT_VERSION = 1;
				DEVELOPMENT_TEAM = XC37WA9QLK;
				ENABLE_PREVIEWS = YES;
				GENERATE_INFOPLIST_FILE = YES;
				INFOPLIST_KEY_UIApplicationSceneManifest_Generation = YES;
				INFOPLIST_KEY_UIApplicationSupportsIndirectInputEvents = YES;
				INFOPLIST_KEY_UILaunchScreen_Generation = YES;
				INFOPLIST_KEY_UISupportedInterfaceOrientations_iPad = "UIInterfaceOrientationPortrait UIInterfaceOrientationPortraitUpsideDown UIInterfaceOrientationLandscapeLeft UIInterfaceOrientationLandscapeRight";
				INFOPLIST_KEY_UISupportedInterfaceOrientations_iPhone = "UIInterfaceOrientationPortrait UIInterfaceOrientationLandscapeLeft UIInterfaceOrientationLandscapeRight";
				IPHONEOS_DEPLOYMENT_TARGET = 15.4;
				LD_RUNPATH_SEARCH_PATHS = (
					"$(inherited)",
					"@executable_path/Frameworks",
				);
				MARKETING_VERSION = 1.0;
				PRODUCT_BUNDLE_IDENTIFIER = dev.dmp.ViewsAndModifiers;
				PRODUCT_NAME = ViewsAndModifiers;
				SDKROOT = iphoneos;
				SWIFT_EMIT_LOC_STRINGS = YES;
				SWIFT_VERSION = 5.0;
				TARGETED_DEVICE_FAMILY = "1,2";
			};
			name = Debug;
		};
		DA488B5B27D53D4400DF0BF3 /* Release */ = {
			isa = XCBuildConfiguration;
			buildSettings = {
				ASSETCATALOG_COMPILER_APPICON_NAME = AppIcon;
				ASSETCATALOG_COMPILER_GLOBAL_ACCENT_COLOR_NAME = AccentColor;
				CODE_SIGN_STYLE = Automatic;
				CURRENT_PROJECT_VERSION = 1;
				DEVELOPMENT_TEAM = XC37WA9QLK;
				ENABLE_PREVIEWS = YES;
				GENERATE_INFOPLIST_FILE = YES;
				INFOPLIST_KEY_UIApplicationSceneManifest_Generation = YES;
				INFOPLIST_KEY_UIApplicationSupportsIndirectInputEvents = YES;
				INFOPLIST_KEY_UILaunchScreen_Generation = YES;
				INFOPLIST_KEY_UISupportedInterfaceOrientations_iPad = "UIInterfaceOrientationPortrait UIInterfaceOrientationPortraitUpsideDown UIInterfaceOrientationLandscapeLeft UIInterfaceOrientationLandscapeRight";
				INFOPLIST_KEY_UISupportedInterfaceOrientations_iPhone = "UIInterfaceOrientationPortrait UIInterfaceOrientationLandscapeLeft UIInterfaceOrientationLandscapeRight";
				IPHONEOS_DEPLOYMENT_TARGET = 15.4;
				LD_RUNPATH_SEARCH_PATHS = (
					"$(inherited)",
					"@executable_path/Frameworks",
				);
				MARKETING_VERSION = 1.0;
				PRODUCT_BUNDLE_IDENTIFIER = dev.dmp.ViewsAndModifiers;
				PRODUCT_NAME = ViewsAndModifiers;
				SDKROOT = iphoneos;
				SWIFT_EMIT_LOC_STRINGS = YES;
				SWIFT_VERSION = 5.0;
				TARGETED_DEVICE_FAMILY = "1,2";
				VALIDATE_PRODUCT = YES;
			};
			name = Release;
		};
		DA488B5D27D53D4400DF0BF3 /* Debug */ = {
			isa = XCBuildConfiguration;
			buildSettings = {
				ASSETCATALOG_COMPILER_APPICON_NAME = AppIcon;
				ASSETCATALOG_COMPILER_GLOBAL_ACCENT_COLOR_NAME = AccentColor;
				CODE_SIGN_ENTITLEMENTS = macOS/macOS.entitlements;
				CODE_SIGN_STYLE = Automatic;
				COMBINE_HIDPI_IMAGES = YES;
				CURRENT_PROJECT_VERSION = 1;
				DEVELOPMENT_TEAM = XC37WA9QLK;
				ENABLE_HARDENED_RUNTIME = YES;
				ENABLE_PREVIEWS = YES;
				GENERATE_INFOPLIST_FILE = YES;
				INFOPLIST_KEY_NSHumanReadableCopyright = "Copyright (c) 2022 ___ORGANIZATIONNAME___. All rights reserved.";
				LD_RUNPATH_SEARCH_PATHS = (
					"$(inherited)",
					"@executable_path/../Frameworks",
				);
				MACOSX_DEPLOYMENT_TARGET = 12.2;
				MARKETING_VERSION = 1.0;
				PRODUCT_BUNDLE_IDENTIFIER = dev.dmp.ViewsAndModifiers;
				PRODUCT_NAME = ViewsAndModifiers;
				SDKROOT = macosx;
				SWIFT_EMIT_LOC_STRINGS = YES;
				SWIFT_VERSION = 5.0;
			};
			name = Debug;
		};
		DA488B5E27D53D4400DF0BF3 /* Release */ = {
			isa = XCBuildConfiguration;
			buildSettings = {
				ASSETCATALOG_COMPILER_APPICON_NAME = AppIcon;
				ASSETCATALOG_COMPILER_GLOBAL_ACCENT_COLOR_NAME = AccentColor;
				CODE_SIGN_ENTITLEMENTS = macOS/macOS.entitlements;
				CODE_SIGN_STYLE = Automatic;
				COMBINE_HIDPI_IMAGES = YES;
				CURRENT_PROJECT_VERSION = 1;
				DEVELOPMENT_TEAM = XC37WA9QLK;
				ENABLE_HARDENED_RUNTIME = YES;
				ENABLE_PREVIEWS = YES;
				GENERATE_INFOPLIST_FILE = YES;
				INFOPLIST_KEY_NSHumanReadableCopyright = "Copyright (c) 2022 ___ORGANIZATIONNAME___. All rights reserved.";
				LD_RUNPATH_SEARCH_PATHS = (
					"$(inherited)",
					"@executable_path/../Frameworks",
				);
				MACOSX_DEPLOYMENT_TARGET = 12.2;
				MARKETING_VERSION = 1.0;
				PRODUCT_BUNDLE_IDENTIFIER = dev.dmp.ViewsAndModifiers;
				PRODUCT_NAME = ViewsAndModifiers;
				SDKROOT = macosx;
				SWIFT_EMIT_LOC_STRINGS = YES;
				SWIFT_VERSION = 5.0;
			};
			name = Release;
		};
/* End XCBuildConfiguration section */

/* Begin XCConfigurationList section */
		DA488B3F27D53D4200DF0BF3 /* Build configuration list for PBXProject "ViewsAndModifiers" */ = {
			isa = XCConfigurationList;
			buildConfigurations = (
				DA488B5727D53D4400DF0BF3 /* Debug */,
				DA488B5827D53D4400DF0BF3 /* Release */,
			);
			defaultConfigurationIsVisible = 0;
			defaultConfigurationName = Release;
		};
		DA488B5927D53D4400DF0BF3 /* Build configuration list for PBXNativeTarget "ViewsAndModifiers (iOS)" */ = {
			isa = XCConfigurationList;
			buildConfigurations = (
				DA488B5A27D53D4400DF0BF3 /* Debug */,
				DA488B5B27D53D4400DF0BF3 /* Release */,
			);
			defaultConfigurationIsVisible = 0;
			defaultConfigurationName = Release;
		};
		DA488B5C27D53D4400DF0BF3 /* Build configuration list for PBXNativeTarget "ViewsAndModifiers (macOS)" */ = {
			isa = XCConfigurationList;
			buildConfigurations = (
				DA488B5D27D53D4400DF0BF3 /* Debug */,
				DA488B5E27D53D4400DF0BF3 /* Release */,
			);
			defaultConfigurationIsVisible = 0;
			defaultConfigurationName = Release;
		};
/* End XCConfigurationList section */
	};
	rootObject = DA488B3C27D53D4200DF0BF3 /* Project object */;
}
